<?xml version="1.0" encoding="utf-8"?>
<Project ToolsVersion="4.0" xmlns="http://schemas.microsoft.com/developer/msbuild/2003">
  <ItemGroup>
    <ClCompile Include="obj_parser.cpp" />
    <ClCompile Include="stdafx.cpp" />
    <ClCompile Include="main.cpp" />
    <ClCompile Include="list.cpp" />
    <ClCompile Include="string_extra.cpp" />
    <ClCompile Include="objLoader.cpp" />
    <ClCompile Include="simplePPM.cpp" />
  </ItemGroup>
  <ItemGroup>
    <ClInclude Include="AMDHelloWorldSample.h" />
    <ClInclude Include="CStyleHelloWorld.h" />
    <ClInclude Include="list.h" />
    <ClInclude Include="objLoader.h" />
    <ClInclude Include="obj_parser.h" />
    <ClInclude Include="stdafx.h" />
    <ClInclude Include="string_extra.h" />
    <ClInclude Include="taco.h" />
    <ClInclude Include="targetver.h" />
    <ClInclude Include="Triangle.h" />
    <ClInclude Include="structs.h">
      <Filter>kernels</Filter>
    </ClInclude>
    <ClInclude Include="Camera.h" />
    <ClInclude Include="Light.h" />
    <ClInclude Include="Material.h" />
    <ClInclude Include="GenVector.h" />
    <ClInclude Include="Scene.h" />
    <ClInclude Include="HitPoint.h" />
    <ClInclude Include="ClKernel.h" />
  </ItemGroup>
  <ItemGroup>
    <None Include="lesson1_kernels.cl" />
    <None Include="HitPointCalculator.cl">
      <Filter>kernels</Filter>
    </None>
    <None Include="HelloWorld_Kernel.cl" />
  </ItemGroup>
  <ItemGroup>
    <Text Include="ReadMe.txt" />
  </ItemGroup>
  <ItemGroup>
    <Filter Include="kernels">
      <UniqueIdentifier>{e21bb33d-15d6-4c03-8c70-8ef2f014efae}</UniqueIdentifier>
    </Filter>
  </ItemGroup>
</Project>